// !$*UTF8*$!
{
	archiveVersion = 1;
	classes = {
	};
	objectVersion = 46;
	objects = {

/* Begin PBXBuildFile section */
		20BDD4A4CBFBD4FC873B17B6 /* Pods_purchTests.framework in Frameworks */ = {isa = PBXBuildFile; fileRef = F7EC1EE225F695889CA41E2E /* Pods_purchTests.framework */; };
		493DAEBE1D57F71900780E80 /* MapViewController.swift in Sources */ = {isa = PBXBuildFile; fileRef = 493DAEBD1D57F71900780E80 /* MapViewController.swift */; };
		498A20131F968037006C00E9 /* JobPost.storyboard in Resources */ = {isa = PBXBuildFile; fileRef = 498A20121F968037006C00E9 /* JobPost.storyboard */; };
		498A20731F9D43BA006C00E9 /* JobPostViewController.swift in Sources */ = {isa = PBXBuildFile; fileRef = 498A20721F9D43BA006C00E9 /* JobPostViewController.swift */; };
		49B120361F7C80F8000F1677 /* MapView.storyboard in Resources */ = {isa = PBXBuildFile; fileRef = 49B120351F7C80F8000F1677 /* MapView.storyboard */; };
		49B120381F7C8298000F1677 /* Main.storyboard in Resources */ = {isa = PBXBuildFile; fileRef = 49B120371F7C8298000F1677 /* Main.storyboard */; };
		49B1203A1F7C890F000F1677 /* GoogleService-Info.plist in Resources */ = {isa = PBXBuildFile; fileRef = 49B120391F7C890F000F1677 /* GoogleService-Info.plist */; };
		49B1203C1F7C8971000F1677 /* IntroViewController.swift in Sources */ = {isa = PBXBuildFile; fileRef = 49B1203B1F7C8971000F1677 /* IntroViewController.swift */; };
		49B1203E1F7C898B000F1677 /* SignUpViewController.swift in Sources */ = {isa = PBXBuildFile; fileRef = 49B1203D1F7C898B000F1677 /* SignUpViewController.swift */; };
		49E258D81D0D01DB0030ABB9 /* AppDelegate.swift in Sources */ = {isa = PBXBuildFile; fileRef = 49E258D71D0D01DB0030ABB9 /* AppDelegate.swift */; };
		49E258DA1D0D01DB0030ABB9 /* LogInViewController.swift in Sources */ = {isa = PBXBuildFile; fileRef = 49E258D91D0D01DB0030ABB9 /* LogInViewController.swift */; };
		49E258DD1D0D01DB0030ABB9 /* Authentication.storyboard in Resources */ = {isa = PBXBuildFile; fileRef = 49E258DB1D0D01DB0030ABB9 /* Authentication.storyboard */; };
		49E258E01D0D01DB0030ABB9 /* purch.xcdatamodeld in Sources */ = {isa = PBXBuildFile; fileRef = 49E258DE1D0D01DB0030ABB9 /* purch.xcdatamodeld */; };
		49E258E21D0D01DB0030ABB9 /* Assets.xcassets in Resources */ = {isa = PBXBuildFile; fileRef = 49E258E11D0D01DB0030ABB9 /* Assets.xcassets */; };
		49E258E51D0D01DB0030ABB9 /* LaunchScreen.storyboard in Resources */ = {isa = PBXBuildFile; fileRef = 49E258E31D0D01DB0030ABB9 /* LaunchScreen.storyboard */; };
		49E258F01D0D01DB0030ABB9 /* purchTests.swift in Sources */ = {isa = PBXBuildFile; fileRef = 49E258EF1D0D01DB0030ABB9 /* purchTests.swift */; };
		FD716D4AEADAD3F11B4B53C5 /* Pods_purch.framework in Frameworks */ = {isa = PBXBuildFile; fileRef = 0DAAA595F0305DBC2FEC19E2 /* Pods_purch.framework */; };
/* End PBXBuildFile section */

/* Begin PBXContainerItemProxy section */
		49E258EC1D0D01DB0030ABB9 /* PBXContainerItemProxy */ = {
			isa = PBXContainerItemProxy;
			containerPortal = 49E258CC1D0D01DB0030ABB9 /* Project object */;
			proxyType = 1;
			remoteGlobalIDString = 49E258D31D0D01DB0030ABB9;
			remoteInfo = purch;
		};
/* End PBXContainerItemProxy section */

/* Begin PBXFileReference section */
		0DAAA595F0305DBC2FEC19E2 /* Pods_purch.framework */ = {isa = PBXFileReference; explicitFileType = wrapper.framework; includeInIndex = 0; path = Pods_purch.framework; sourceTree = BUILT_PRODUCTS_DIR; };
		493DAEBD1D57F71900780E80 /* MapViewController.swift */ = {isa = PBXFileReference; fileEncoding = 4; lastKnownFileType = sourcecode.swift; path = MapViewController.swift; sourceTree = "<group>"; };
		498A20121F968037006C00E9 /* JobPost.storyboard */ = {isa = PBXFileReference; fileEncoding = 4; lastKnownFileType = file.storyboard; path = JobPost.storyboard; sourceTree = "<group>"; };
		498A20721F9D43BA006C00E9 /* JobPostViewController.swift */ = {isa = PBXFileReference; fileEncoding = 4; lastKnownFileType = sourcecode.swift; path = JobPostViewController.swift; sourceTree = "<group>"; };
		49B120351F7C80F8000F1677 /* MapView.storyboard */ = {isa = PBXFileReference; fileEncoding = 4; lastKnownFileType = file.storyboard; path = MapView.storyboard; sourceTree = "<group>"; };
		49B120371F7C8298000F1677 /* Main.storyboard */ = {isa = PBXFileReference; fileEncoding = 4; lastKnownFileType = file.storyboard; path = Main.storyboard; sourceTree = "<group>"; };
		49B120391F7C890F000F1677 /* GoogleService-Info.plist */ = {isa = PBXFileReference; fileEncoding = 4; lastKnownFileType = text.plist.xml; path = "GoogleService-Info.plist"; sourceTree = "<group>"; };
		49B1203B1F7C8971000F1677 /* IntroViewController.swift */ = {isa = PBXFileReference; fileEncoding = 4; lastKnownFileType = sourcecode.swift; path = IntroViewController.swift; sourceTree = "<group>"; };
		49B1203D1F7C898B000F1677 /* SignUpViewController.swift */ = {isa = PBXFileReference; fileEncoding = 4; lastKnownFileType = sourcecode.swift; path = SignUpViewController.swift; sourceTree = "<group>"; };
		49E258D41D0D01DB0030ABB9 /* purch.app */ = {isa = PBXFileReference; explicitFileType = wrapper.application; includeInIndex = 0; path = purch.app; sourceTree = BUILT_PRODUCTS_DIR; };
		49E258D71D0D01DB0030ABB9 /* AppDelegate.swift */ = {isa = PBXFileReference; lastKnownFileType = sourcecode.swift; path = AppDelegate.swift; sourceTree = "<group>"; };
		49E258D91D0D01DB0030ABB9 /* LogInViewController.swift */ = {isa = PBXFileReference; lastKnownFileType = sourcecode.swift; path = LogInViewController.swift; sourceTree = "<group>"; };
		49E258DC1D0D01DB0030ABB9 /* Base */ = {isa = PBXFileReference; lastKnownFileType = file.storyboard; name = Base; path = Base.lproj/Authentication.storyboard; sourceTree = "<group>"; };
		49E258DF1D0D01DB0030ABB9 /* purch.xcdatamodel */ = {isa = PBXFileReference; lastKnownFileType = wrapper.xcdatamodel; path = purch.xcdatamodel; sourceTree = "<group>"; };
		49E258E11D0D01DB0030ABB9 /* Assets.xcassets */ = {isa = PBXFileReference; lastKnownFileType = folder.assetcatalog; path = Assets.xcassets; sourceTree = "<group>"; };
		49E258E41D0D01DB0030ABB9 /* Base */ = {isa = PBXFileReference; lastKnownFileType = file.storyboard; name = Base; path = Base.lproj/LaunchScreen.storyboard; sourceTree = "<group>"; };
		49E258E61D0D01DB0030ABB9 /* Info.plist */ = {isa = PBXFileReference; lastKnownFileType = text.plist.xml; path = Info.plist; sourceTree = "<group>"; };
		49E258EB1D0D01DB0030ABB9 /* purchTests.xctest */ = {isa = PBXFileReference; explicitFileType = wrapper.cfbundle; includeInIndex = 0; path = purchTests.xctest; sourceTree = BUILT_PRODUCTS_DIR; };
		49E258EF1D0D01DB0030ABB9 /* purchTests.swift */ = {isa = PBXFileReference; lastKnownFileType = sourcecode.swift; path = purchTests.swift; sourceTree = "<group>"; };
		49E258F11D0D01DB0030ABB9 /* Info.plist */ = {isa = PBXFileReference; lastKnownFileType = text.plist.xml; path = Info.plist; sourceTree = "<group>"; };
		84E178B1E66D1A0D00DDBFC8 /* Pods-purchTests.release.xcconfig */ = {isa = PBXFileReference; includeInIndex = 1; lastKnownFileType = text.xcconfig; name = "Pods-purchTests.release.xcconfig"; path = "Pods/Target Support Files/Pods-purchTests/Pods-purchTests.release.xcconfig"; sourceTree = "<group>"; };
		9B3D1246D6D745A32CB4BC60 /* Pods-purch.release.xcconfig */ = {isa = PBXFileReference; includeInIndex = 1; lastKnownFileType = text.xcconfig; name = "Pods-purch.release.xcconfig"; path = "Pods/Target Support Files/Pods-purch/Pods-purch.release.xcconfig"; sourceTree = "<group>"; };
		CC2CEF826EAEFC2EBBA565C1 /* Pods-purch.debug.xcconfig */ = {isa = PBXFileReference; includeInIndex = 1; lastKnownFileType = text.xcconfig; name = "Pods-purch.debug.xcconfig"; path = "Pods/Target Support Files/Pods-purch/Pods-purch.debug.xcconfig"; sourceTree = "<group>"; };
		DE0F6E343650F7E237E3EE8C /* Pods-purchTests.debug.xcconfig */ = {isa = PBXFileReference; includeInIndex = 1; lastKnownFileType = text.xcconfig; name = "Pods-purchTests.debug.xcconfig"; path = "Pods/Target Support Files/Pods-purchTests/Pods-purchTests.debug.xcconfig"; sourceTree = "<group>"; };
		F7EC1EE225F695889CA41E2E /* Pods_purchTests.framework */ = {isa = PBXFileReference; explicitFileType = wrapper.framework; includeInIndex = 0; path = Pods_purchTests.framework; sourceTree = BUILT_PRODUCTS_DIR; };
/* End PBXFileReference section */

/* Begin PBXFrameworksBuildPhase section */
		49E258D11D0D01DB0030ABB9 /* Frameworks */ = {
			isa = PBXFrameworksBuildPhase;
			buildActionMask = 2147483647;
			files = (
				FD716D4AEADAD3F11B4B53C5 /* Pods_purch.framework in Frameworks */,
			);
			runOnlyForDeploymentPostprocessing = 0;
		};
		49E258E81D0D01DB0030ABB9 /* Frameworks */ = {
			isa = PBXFrameworksBuildPhase;
			buildActionMask = 2147483647;
			files = (
				20BDD4A4CBFBD4FC873B17B6 /* Pods_purchTests.framework in Frameworks */,
			);
			runOnlyForDeploymentPostprocessing = 0;
		};
/* End PBXFrameworksBuildPhase section */

/* Begin PBXGroup section */
		493DAEB61D57D4C600780E80 /* StoryBoards */ = {
			isa = PBXGroup;
			children = (
				49B120371F7C8298000F1677 /* Main.storyboard */,
				49E258E31D0D01DB0030ABB9 /* LaunchScreen.storyboard */,
				49E258D71D0D01DB0030ABB9 /* AppDelegate.swift */,
			);
			name = StoryBoards;
			sourceTree = "<group>";
		};
		493DAEB71D57D4D400780E80 /* Supporting FIles */ = {
			isa = PBXGroup;
			children = (
				49B120391F7C890F000F1677 /* GoogleService-Info.plist */,
				49E258E11D0D01DB0030ABB9 /* Assets.xcassets */,
				49E258E61D0D01DB0030ABB9 /* Info.plist */,
				49E258DE1D0D01DB0030ABB9 /* purch.xcdatamodeld */,
			);
			name = "Supporting FIles";
			sourceTree = "<group>";
		};
		4979924C1F7C537500C9190D /* Authentication */ = {
			isa = PBXGroup;
			children = (
				49E258DB1D0D01DB0030ABB9 /* Authentication.storyboard */,
				49E258D91D0D01DB0030ABB9 /* LogInViewController.swift */,
				49B1203B1F7C8971000F1677 /* IntroViewController.swift */,
				49B1203D1F7C898B000F1677 /* SignUpViewController.swift */,
			);
			name = Authentication;
			sourceTree = "<group>";
		};
		4979924D1F7C53BE00C9190D /* MapView */ = {
			isa = PBXGroup;
			children = (
				493DAEBD1D57F71900780E80 /* MapViewController.swift */,
				49B120351F7C80F8000F1677 /* MapView.storyboard */,
			);
			name = MapView;
			sourceTree = "<group>";
		};
		49E258CB1D0D01DB0030ABB9 = {
			isa = PBXGroup;
			children = (
				49E258D61D0D01DB0030ABB9 /* purch */,
				49E258EE1D0D01DB0030ABB9 /* purchTests */,
				49E258D51D0D01DB0030ABB9 /* Products */,
				B145D720D9970C78D8604CB5 /* Pods */,
				CFAE99580AAEF842444310B5 /* Frameworks */,
			);
			sourceTree = "<group>";
		};
		49E258D51D0D01DB0030ABB9 /* Products */ = {
			isa = PBXGroup;
			children = (
				49E258D41D0D01DB0030ABB9 /* purch.app */,
				49E258EB1D0D01DB0030ABB9 /* purchTests.xctest */,
			);
			name = Products;
			sourceTree = "<group>";
		};
		49E258D61D0D01DB0030ABB9 /* purch */ = {
			isa = PBXGroup;
			children = (
				498A20121F968037006C00E9 /* JobPost.storyboard */,
				498A20721F9D43BA006C00E9 /* JobPostViewController.swift */,
				4979924C1F7C537500C9190D /* Authentication */,
				4979924D1F7C53BE00C9190D /* MapView */,
				493DAEB61D57D4C600780E80 /* StoryBoards */,
				493DAEB71D57D4D400780E80 /* Supporting FIles */,
			);
			path = purch;
			sourceTree = "<group>";
		};
		49E258EE1D0D01DB0030ABB9 /* purchTests */ = {
			isa = PBXGroup;
			children = (
				49E258EF1D0D01DB0030ABB9 /* purchTests.swift */,
				49E258F11D0D01DB0030ABB9 /* Info.plist */,
			);
			path = purchTests;
			sourceTree = "<group>";
		};
		B145D720D9970C78D8604CB5 /* Pods */ = {
			isa = PBXGroup;
			children = (
				CC2CEF826EAEFC2EBBA565C1 /* Pods-purch.debug.xcconfig */,
				9B3D1246D6D745A32CB4BC60 /* Pods-purch.release.xcconfig */,
				DE0F6E343650F7E237E3EE8C /* Pods-purchTests.debug.xcconfig */,
				84E178B1E66D1A0D00DDBFC8 /* Pods-purchTests.release.xcconfig */,
			);
			name = Pods;
			sourceTree = "<group>";
		};
		CFAE99580AAEF842444310B5 /* Frameworks */ = {
			isa = PBXGroup;
			children = (
				0DAAA595F0305DBC2FEC19E2 /* Pods_purch.framework */,
				F7EC1EE225F695889CA41E2E /* Pods_purchTests.framework */,
			);
			name = Frameworks;
			sourceTree = "<group>";
		};
/* End PBXGroup section */

/* Begin PBXNativeTarget section */
		49E258D31D0D01DB0030ABB9 /* purch */ = {
			isa = PBXNativeTarget;
			buildConfigurationList = 49E258F41D0D01DB0030ABB9 /* Build configuration list for PBXNativeTarget "purch" */;
			buildPhases = (
				5BEC74274CA0D4F6B9DB030C /* [CP] Check Pods Manifest.lock */,
				49E258D01D0D01DB0030ABB9 /* Sources */,
				49E258D11D0D01DB0030ABB9 /* Frameworks */,
				49E258D21D0D01DB0030ABB9 /* Resources */,
				F8EB24FBE01B5C9E1B8F9722 /* [CP] Embed Pods Frameworks */,
				7038ABB3E31ECFD929401010 /* [CP] Copy Pods Resources */,
			);
			buildRules = (
			);
			dependencies = (
			);
			name = purch;
			productName = purch;
			productReference = 49E258D41D0D01DB0030ABB9 /* purch.app */;
			productType = "com.apple.product-type.application";
		};
		49E258EA1D0D01DB0030ABB9 /* purchTests */ = {
			isa = PBXNativeTarget;
			buildConfigurationList = 49E258F71D0D01DB0030ABB9 /* Build configuration list for PBXNativeTarget "purchTests" */;
			buildPhases = (
				A35EA44609605FA709634D20 /* [CP] Check Pods Manifest.lock */,
				49E258E71D0D01DB0030ABB9 /* Sources */,
				49E258E81D0D01DB0030ABB9 /* Frameworks */,
				49E258E91D0D01DB0030ABB9 /* Resources */,
				3ABD652EE99659B5BE2D1EC5 /* [CP] Embed Pods Frameworks */,
				69D9AB55B3F63E814B90F9EB /* [CP] Copy Pods Resources */,
			);
			buildRules = (
			);
			dependencies = (
				49E258ED1D0D01DB0030ABB9 /* PBXTargetDependency */,
			);
			name = purchTests;
			productName = purchTests;
			productReference = 49E258EB1D0D01DB0030ABB9 /* purchTests.xctest */;
			productType = "com.apple.product-type.bundle.unit-test";
		};
/* End PBXNativeTarget section */

/* Begin PBXProject section */
		49E258CC1D0D01DB0030ABB9 /* Project object */ = {
			isa = PBXProject;
			attributes = {
				LastSwiftUpdateCheck = 0730;
				LastUpgradeCheck = 0730;
				ORGANIZATIONNAME = "Andrew Lawrence";
				TargetAttributes = {
					49E258D31D0D01DB0030ABB9 = {
						CreatedOnToolsVersion = 7.3.1;
						DevelopmentTeam = 8JT57FQ3WC;
						LastSwiftMigration = 0830;
					};
					49E258EA1D0D01DB0030ABB9 = {
						CreatedOnToolsVersion = 7.3.1;
						LastSwiftMigration = 0830;
						TestTargetID = 49E258D31D0D01DB0030ABB9;
					};
				};
			};
			buildConfigurationList = 49E258CF1D0D01DB0030ABB9 /* Build configuration list for PBXProject "purch" */;
			compatibilityVersion = "Xcode 3.2";
			developmentRegion = English;
			hasScannedForEncodings = 0;
			knownRegions = (
				en,
				Base,
			);
			mainGroup = 49E258CB1D0D01DB0030ABB9;
			productRefGroup = 49E258D51D0D01DB0030ABB9 /* Products */;
			projectDirPath = "";
			projectRoot = "";
			targets = (
				49E258D31D0D01DB0030ABB9 /* purch */,
				49E258EA1D0D01DB0030ABB9 /* purchTests */,
			);
		};
/* End PBXProject section */

/* Begin PBXResourcesBuildPhase section */
		49E258D21D0D01DB0030ABB9 /* Resources */ = {
			isa = PBXResourcesBuildPhase;
			buildActionMask = 2147483647;
			files = (
				49E258E51D0D01DB0030ABB9 /* LaunchScreen.storyboard in Resources */,
				49B1203A1F7C890F000F1677 /* GoogleService-Info.plist in Resources */,
				49B120381F7C8298000F1677 /* Main.storyboard in Resources */,
				49E258E21D0D01DB0030ABB9 /* Assets.xcassets in Resources */,
				49B120361F7C80F8000F1677 /* MapView.storyboard in Resources */,
				49E258DD1D0D01DB0030ABB9 /* Authentication.storyboard in Resources */,
				498A20131F968037006C00E9 /* JobPost.storyboard in Resources */,
			);
			runOnlyForDeploymentPostprocessing = 0;
		};
		49E258E91D0D01DB0030ABB9 /* Resources */ = {
			isa = PBXResourcesBuildPhase;
			buildActionMask = 2147483647;
			files = (
			);
			runOnlyForDeploymentPostprocessing = 0;
		};
/* End PBXResourcesBuildPhase section */

/* Begin PBXShellScriptBuildPhase section */
		3ABD652EE99659B5BE2D1EC5 /* [CP] Embed Pods Frameworks */ = {
			isa = PBXShellScriptBuildPhase;
			buildActionMask = 2147483647;
			files = (
			);
			inputPaths = (
			);
			name = "[CP] Embed Pods Frameworks";
			outputPaths = (
			);
			runOnlyForDeploymentPostprocessing = 0;
			shellPath = /bin/sh;
			shellScript = "\"${SRCROOT}/Pods/Target Support Files/Pods-purchTests/Pods-purchTests-frameworks.sh\"\n";
			showEnvVarsInLog = 0;
		};
		5BEC74274CA0D4F6B9DB030C /* [CP] Check Pods Manifest.lock */ = {
			isa = PBXShellScriptBuildPhase;
			buildActionMask = 2147483647;
			files = (
			);
			inputPaths = (
			);
			name = "[CP] Check Pods Manifest.lock";
			outputPaths = (
			);
			runOnlyForDeploymentPostprocessing = 0;
			shellPath = /bin/sh;
			shellScript = "diff \"${PODS_PODFILE_DIR_PATH}/Podfile.lock\" \"${PODS_ROOT}/Manifest.lock\" > /dev/null\nif [ $? != 0 ] ; then\n    # print error to STDERR\n    echo \"error: The sandbox is not in sync with the Podfile.lock. Run 'pod install' or update your CocoaPods installation.\" >&2\n    exit 1\nfi\n";
			showEnvVarsInLog = 0;
		};
		69D9AB55B3F63E814B90F9EB /* [CP] Copy Pods Resources */ = {
			isa = PBXShellScriptBuildPhase;
			buildActionMask = 2147483647;
			files = (
			);
			inputPaths = (
			);
			name = "[CP] Copy Pods Resources";
			outputPaths = (
			);
			runOnlyForDeploymentPostprocessing = 0;
			shellPath = /bin/sh;
			shellScript = "\"${SRCROOT}/Pods/Target Support Files/Pods-purchTests/Pods-purchTests-resources.sh\"\n";
			showEnvVarsInLog = 0;
		};
		7038ABB3E31ECFD929401010 /* [CP] Copy Pods Resources */ = {
			isa = PBXShellScriptBuildPhase;
			buildActionMask = 2147483647;
			files = (
			);
			inputPaths = (
			);
			name = "[CP] Copy Pods Resources";
			outputPaths = (
			);
			runOnlyForDeploymentPostprocessing = 0;
			shellPath = /bin/sh;
			shellScript = "\"${SRCROOT}/Pods/Target Support Files/Pods-purch/Pods-purch-resources.sh\"\n";
			showEnvVarsInLog = 0;
		};
		A35EA44609605FA709634D20 /* [CP] Check Pods Manifest.lock */ = {
			isa = PBXShellScriptBuildPhase;
			buildActionMask = 2147483647;
			files = (
			);
			inputPaths = (
			);
			name = "[CP] Check Pods Manifest.lock";
			outputPaths = (
			);
			runOnlyForDeploymentPostprocessing = 0;
			shellPath = /bin/sh;
			shellScript = "diff \"${PODS_PODFILE_DIR_PATH}/Podfile.lock\" \"${PODS_ROOT}/Manifest.lock\" > /dev/null\nif [ $? != 0 ] ; then\n    # print error to STDERR\n    echo \"error: The sandbox is not in sync with the Podfile.lock. Run 'pod install' or update your CocoaPods installation.\" >&2\n    exit 1\nfi\n";
			showEnvVarsInLog = 0;
		};
		F8EB24FBE01B5C9E1B8F9722 /* [CP] Embed Pods Frameworks */ = {
			isa = PBXShellScriptBuildPhase;
			buildActionMask = 2147483647;
			files = (
			);
			inputPaths = (
			);
			name = "[CP] Embed Pods Frameworks";
			outputPaths = (
			);
			runOnlyForDeploymentPostprocessing = 0;
			shellPath = /bin/sh;
			shellScript = "\"${SRCROOT}/Pods/Target Support Files/Pods-purch/Pods-purch-frameworks.sh\"\n";
			showEnvVarsInLog = 0;
		};
/* End PBXShellScriptBuildPhase section */

/* Begin PBXSourcesBuildPhase section */
		49E258D01D0D01DB0030ABB9 /* Sources */ = {
			isa = PBXSourcesBuildPhase;
			buildActionMask = 2147483647;
			files = (
				498A20731F9D43BA006C00E9 /* JobPostViewController.swift in Sources */,
				49B1203C1F7C8971000F1677 /* IntroViewController.swift in Sources */,
				49E258E01D0D01DB0030ABB9 /* purch.xcdatamodeld in Sources */,
				49B1203E1F7C898B000F1677 /* SignUpViewController.swift in Sources */,
				49E258DA1D0D01DB0030ABB9 /* LogInViewController.swift in Sources */,
				49E258D81D0D01DB0030ABB9 /* AppDelegate.swift in Sources */,
				493DAEBE1D57F71900780E80 /* MapViewController.swift in Sources */,
			);
			runOnlyForDeploymentPostprocessing = 0;
		};
		49E258E71D0D01DB0030ABB9 /* Sources */ = {
			isa = PBXSourcesBuildPhase;
			buildActionMask = 2147483647;
			files = (
				49E258F01D0D01DB0030ABB9 /* purchTests.swift in Sources */,
			);
			runOnlyForDeploymentPostprocessing = 0;
		};
/* End PBXSourcesBuildPhase section */

/* Begin PBXTargetDependency section */
		49E258ED1D0D01DB0030ABB9 /* PBXTargetDependency */ = {
			isa = PBXTargetDependency;
			target = 49E258D31D0D01DB0030ABB9 /* purch */;
			targetProxy = 49E258EC1D0D01DB0030ABB9 /* PBXContainerItemProxy */;
		};
/* End PBXTargetDependency section */

/* Begin PBXVariantGroup section */
		49E258DB1D0D01DB0030ABB9 /* Authentication.storyboard */ = {
			isa = PBXVariantGroup;
			children = (
				49E258DC1D0D01DB0030ABB9 /* Base */,
			);
			name = Authentication.storyboard;
			sourceTree = "<group>";
		};
		49E258E31D0D01DB0030ABB9 /* LaunchScreen.storyboard */ = {
			isa = PBXVariantGroup;
			children = (
				49E258E41D0D01DB0030ABB9 /* Base */,
			);
			name = LaunchScreen.storyboard;
			sourceTree = "<group>";
		};
/* End PBXVariantGroup section */

/* Begin XCBuildConfiguration section */
		49E258F21D0D01DB0030ABB9 /* Debug */ = {
			isa = XCBuildConfiguration;
			buildSettings = {
				ALWAYS_SEARCH_USER_PATHS = NO;
				CLANG_ANALYZER_NONNULL = YES;
				CLANG_CXX_LANGUAGE_STANDARD = "gnu++0x";
				CLANG_CXX_LIBRARY = "libc++";
				CLANG_ENABLE_MODULES = YES;
				CLANG_ENABLE_OBJC_ARC = YES;
				CLANG_WARN_BOOL_CONVERSION = YES;
				CLANG_WARN_CONSTANT_CONVERSION = YES;
				CLANG_WARN_DIRECT_OBJC_ISA_USAGE = YES_ERROR;
				CLANG_WARN_EMPTY_BODY = YES;
				CLANG_WARN_ENUM_CONVERSION = YES;
				CLANG_WARN_INT_CONVERSION = YES;
				CLANG_WARN_OBJC_ROOT_CLASS = YES_ERROR;
				CLANG_WARN_UNREACHABLE_CODE = YES;
				CLANG_WARN__DUPLICATE_METHOD_MATCH = YES;
				"CODE_SIGN_IDENTITY[sdk=iphoneos*]" = "iPhone Developer";
				COPY_PHASE_STRIP = NO;
				DEBUG_INFORMATION_FORMAT = dwarf;
				ENABLE_STRICT_OBJC_MSGSEND = YES;
				ENABLE_TESTABILITY = YES;
				GCC_C_LANGUAGE_STANDARD = gnu99;
				GCC_DYNAMIC_NO_PIC = NO;
				GCC_NO_COMMON_BLOCKS = YES;
				GCC_OPTIMIZATION_LEVEL = 0;
				GCC_PREPROCESSOR_DEFINITIONS = (
					"DEBUG=1",
					"$(inherited)",
				);
				GCC_WARN_64_TO_32_BIT_CONVERSION = YES;
				GCC_WARN_ABOUT_RETURN_TYPE = YES_ERROR;
				GCC_WARN_UNDECLARED_SELECTOR = YES;
				GCC_WARN_UNINITIALIZED_AUTOS = YES_AGGRESSIVE;
				GCC_WARN_UNUSED_FUNCTION = YES;
				GCC_WARN_UNUSED_VARIABLE = YES;
				IPHONEOS_DEPLOYMENT_TARGET = 9.3;
				MTL_ENABLE_DEBUG_INFO = YES;
				ONLY_ACTIVE_ARCH = YES;
				SDKROOT = iphoneos;
				SWIFT_OPTIMIZATION_LEVEL = "-Onone";
			};
			name = Debug;
		};
		49E258F31D0D01DB0030ABB9 /* Release */ = {
			isa = XCBuildConfiguration;
			buildSettings = {
				ALWAYS_SEARCH_USER_PATHS = NO;
				CLANG_ANALYZER_NONNULL = YES;
				CLANG_CXX_LANGUAGE_STANDARD = "gnu++0x";
				CLANG_CXX_LIBRARY = "libc++";
				CLANG_ENABLE_MODULES = YES;
				CLANG_ENABLE_OBJC_ARC = YES;
				CLANG_WARN_BOOL_CONVERSION = YES;
				CLANG_WARN_CONSTANT_CONVERSION = YES;
				CLANG_WARN_DIRECT_OBJC_ISA_USAGE = YES_ERROR;
				CLANG_WARN_EMPTY_BODY = YES;
				CLANG_WARN_ENUM_CONVERSION = YES;
				CLANG_WARN_INT_CONVERSION = YES;
				CLANG_WARN_OBJC_ROOT_CLASS = YES_ERROR;
				CLANG_WARN_UNREACHABLE_CODE = YES;
				CLANG_WARN__DUPLICATE_METHOD_MATCH = YES;
				"CODE_SIGN_IDENTITY[sdk=iphoneos*]" = "iPhone Developer";
				COPY_PHASE_STRIP = NO;
				DEBUG_INFORMATION_FORMAT = "dwarf-with-dsym";
				ENABLE_NS_ASSERTIONS = NO;
				ENABLE_STRICT_OBJC_MSGSEND = YES;
				GCC_C_LANGUAGE_STANDARD = gnu99;
				GCC_NO_COMMON_BLOCKS = YES;
				GCC_WARN_64_TO_32_BIT_CONVERSION = YES;
				GCC_WARN_ABOUT_RETURN_TYPE = YES_ERROR;
				GCC_WARN_UNDECLARED_SELECTOR = YES;
				GCC_WARN_UNINITIALIZED_AUTOS = YES_AGGRESSIVE;
				GCC_WARN_UNUSED_FUNCTION = YES;
				GCC_WARN_UNUSED_VARIABLE = YES;
				IPHONEOS_DEPLOYMENT_TARGET = 9.3;
				MTL_ENABLE_DEBUG_INFO = NO;
				SDKROOT = iphoneos;
				VALIDATE_PRODUCT = YES;
			};
			name = Release;
		};
		49E258F51D0D01DB0030ABB9 /* Debug */ = {
			isa = XCBuildConfiguration;
			baseConfigurationReference = CC2CEF826EAEFC2EBBA565C1 /* Pods-purch.debug.xcconfig */;
			buildSettings = {
				ASSETCATALOG_COMPILER_APPICON_NAME = AppIcon;
				CODE_SIGN_IDENTITY = "iPhone Developer";
				"CODE_SIGN_IDENTITY[sdk=iphoneos*]" = "iPhone Developer";
				INFOPLIST_FILE = purch/Info.plist;
				LD_RUNPATH_SEARCH_PATHS = "$(inherited) @executable_path/Frameworks";
				PRODUCT_BUNDLE_IDENTIFIER = com.andrew.purch;
				PRODUCT_NAME = "$(TARGET_NAME)";
				PROVISIONING_PROFILE = "";
				SWIFT_VERSION = 3.0;
			};
			name = Debug;
		};
		49E258F61D0D01DB0030ABB9 /* Release */ = {
			isa = XCBuildConfiguration;
			baseConfigurationReference = 9B3D1246D6D745A32CB4BC60 /* Pods-purch.release.xcconfig */;
			buildSettings = {
				ASSETCATALOG_COMPILER_APPICON_NAME = AppIcon;
				CODE_SIGN_IDENTITY = "iPhone Developer";
				"CODE_SIGN_IDENTITY[sdk=iphoneos*]" = "iPhone Developer";
				INFOPLIST_FILE = purch/Info.plist;
				LD_RUNPATH_SEARCH_PATHS = "$(inherited) @executable_path/Frameworks";
				PRODUCT_BUNDLE_IDENTIFIER = com.andrew.purch;
				PRODUCT_NAME = "$(TARGET_NAME)";
				PROVISIONING_PROFILE = "";
				SWIFT_VERSION = 3.0;
			};
			name = Release;
		};
		49E258F81D0D01DB0030ABB9 /* Debug */ = {
			isa = XCBuildConfiguration;
			baseConfigurationReference = DE0F6E343650F7E237E3EE8C /* Pods-purchTests.debug.xcconfig */;
			buildSettings = {
				BUNDLE_LOADER = "$(TEST_HOST)";
				INFOPLIST_FILE = purchTests/Info.plist;
				LD_RUNPATH_SEARCH_PATHS = "$(inherited) @executable_path/Frameworks @loader_path/Frameworks";
				PRODUCT_BUNDLE_IDENTIFIER = com.andrew.purchTests;
				PRODUCT_NAME = "$(TARGET_NAME)";
				SWIFT_VERSION = 3.0;
				TEST_HOST = "$(BUILT_PRODUCTS_DIR)/purch.app/purch";
			};
			name = Debug;
		};
		49E258F91D0D01DB0030ABB9 /* Release */ = {
			isa = XCBuildConfiguration;
			baseConfigurationReference = 84E178B1E66D1A0D00DDBFC8 /* Pods-purchTests.release.xcconfig */;
			buildSettings = {
				BUNDLE_LOADER = "$(TEST_HOST)";
				INFOPLIST_FILE = purchTests/Info.plist;
				LD_RUNPATH_SEARCH_PATHS = "$(inherited) @executable_path/Frameworks @loader_path/Frameworks";
				PRODUCT_BUNDLE_IDENTIFIER = com.andrew.purchTests;
				PRODUCT_NAME = "$(TARGET_NAME)";
				SWIFT_VERSION = 3.0;
				TEST_HOST = "$(BUILT_PRODUCTS_DIR)/purch.app/purch";
			};
			name = Release;
		};
/* End XCBuildConfiguration section */

/* Begin XCConfigurationList section */
		49E258CF1D0D01DB0030ABB9 /* Build configuration list for PBXProject "purch" */ = {
			isa = XCConfigurationList;
			buildConfigurations = (
				49E258F21D0D01DB0030ABB9 /* Debug */,
				49E258F31D0D01DB0030ABB9 /* Release */,
			);
			defaultConfigurationIsVisible = 0;
			defaultConfigurationName = Release;
		};
		49E258F41D0D01DB0030ABB9 /* Build configuration list for PBXNativeTarget "purch" */ = {
			isa = XCConfigurationList;
			buildConfigurations = (
				49E258F51D0D01DB0030ABB9 /* Debug */,
				49E258F61D0D01DB0030ABB9 /* Release */,
			);
			defaultConfigurationIsVisible = 0;
			defaultConfigurationName = Release;
		};
		49E258F71D0D01DB0030ABB9 /* Build configuration list for PBXNativeTarget "purchTests" */ = {
			isa = XCConfigurationList;
			buildConfigurations = (
				49E258F81D0D01DB0030ABB9 /* Debug */,
				49E258F91D0D01DB0030ABB9 /* Release */,
			);
			defaultConfigurationIsVisible = 0;
			defaultConfigurationName = Release;
		};
/* End XCConfigurationList section */

/* Begin XCVersionGroup section */
		49E258DE1D0D01DB0030ABB9 /* purch.xcdatamodeld */ = {
			isa = XCVersionGroup;
			children = (
				49E258DF1D0D01DB0030ABB9 /* purch.xcdatamodel */,
			);
			currentVersion = 49E258DF1D0D01DB0030ABB9 /* purch.xcdatamodel */;
			path = purch.xcdatamodeld;
			sourceTree = "<group>";
			versionGroupType = wrapper.xcdatamodel;
		};
/* End XCVersionGroup section */
	};
	rootObject = 49E258CC1D0D01DB0030ABB9 /* Project object */;
}
